
Microsoft Visual Studio Solution File, Format Version 12.00
# Visual Studio 15
VisualStudioVersion = 15.0.26124.0
MinimumVisualStudioVersion = 15.0.26124.0
Project("{FAE04EC0-301F-11D3-BF4B-00C04F79EFBC}") = "Life.WebAPI", "Life.WebAPI\Life.WebAPI.csproj", "{6F775D31-E9F3-465E-A552-57F6E95F4BE6}"
EndProject
Project("{FAE04EC0-301F-11D3-BF4B-00C04F79EFBC}") = "Life.Repository", "Life.Repository\Life.Repository.csproj", "{12A4CA3C-E8CA-45DA-80A9-A669DF564DF7}"
EndProject
Project("{FAE04EC0-301F-11D3-BF4B-00C04F79EFBC}") = "Life.Domain", "Life.Domain\Life.Domain.csproj", "{ED5EAF11-DFFB-4B08-AC5D-2F128CD957A3}"
EndProject
Global
	GlobalSection(SolutionConfigurationPlatforms) = preSolution
		Debug|Any CPU = Debug|Any CPU
		Debug|x64 = Debug|x64
		Debug|x86 = Debug|x86
		Release|Any CPU = Release|Any CPU
		Release|x64 = Release|x64
		Release|x86 = Release|x86
	EndGlobalSection
	GlobalSection(SolutionProperties) = preSolution
		HideSolutionNode = FALSE
	EndGlobalSection
	GlobalSection(ProjectConfigurationPlatforms) = postSolution
		{6F775D31-E9F3-465E-A552-57F6E95F4BE6}.Debug|Any CPU.ActiveCfg = Debug|Any CPU
		{6F775D31-E9F3-465E-A552-57F6E95F4BE6}.Debug|Any CPU.Build.0 = Debug|Any CPU
		{6F775D31-E9F3-465E-A552-57F6E95F4BE6}.Debug|x64.ActiveCfg = Debug|Any CPU
		{6F775D31-E9F3-465E-A552-57F6E95F4BE6}.Debug|x64.Build.0 = Debug|Any CPU
		{6F775D31-E9F3-465E-A552-57F6E95F4BE6}.Debug|x86.ActiveCfg = Debug|Any CPU
		{6F775D31-E9F3-465E-A552-57F6E95F4BE6}.Debug|x86.Build.0 = Debug|Any CPU
		{6F775D31-E9F3-465E-A552-57F6E95F4BE6}.Release|Any CPU.ActiveCfg = Release|Any CPU
		{6F775D31-E9F3-465E-A552-57F6E95F4BE6}.Release|Any CPU.Build.0 = Release|Any CPU
		{6F775D31-E9F3-465E-A552-57F6E95F4BE6}.Release|x64.ActiveCfg = Release|Any CPU
		{6F775D31-E9F3-465E-A552-57F6E95F4BE6}.Release|x64.Build.0 = Release|Any CPU
		{6F775D31-E9F3-465E-A552-57F6E95F4BE6}.Release|x86.ActiveCfg = Release|Any CPU
		{6F775D31-E9F3-465E-A552-57F6E95F4BE6}.Release|x86.Build.0 = Release|Any CPU
		{12A4CA3C-E8CA-45DA-80A9-A669DF564DF7}.Debug|Any CPU.ActiveCfg = Debug|Any CPU
		{12A4CA3C-E8CA-45DA-80A9-A669DF564DF7}.Debug|Any CPU.Build.0 = Debug|Any CPU
		{12A4CA3C-E8CA-45DA-80A9-A669DF564DF7}.Debug|x64.ActiveCfg = Debug|Any CPU
		{12A4CA3C-E8CA-45DA-80A9-A669DF564DF7}.Debug|x64.Build.0 = Debug|Any CPU
		{12A4CA3C-E8CA-45DA-80A9-A669DF564DF7}.Debug|x86.ActiveCfg = Debug|Any CPU
		{12A4CA3C-E8CA-45DA-80A9-A669DF564DF7}.Debug|x86.Build.0 = Debug|Any CPU
		{12A4CA3C-E8CA-45DA-80A9-A669DF564DF7}.Release|Any CPU.ActiveCfg = Release|Any CPU
		{12A4CA3C-E8CA-45DA-80A9-A669DF564DF7}.Release|Any CPU.Build.0 = Release|Any CPU
		{12A4CA3C-E8CA-45DA-80A9-A669DF564DF7}.Release|x64.ActiveCfg = Release|Any CPU
		{12A4CA3C-E8CA-45DA-80A9-A669DF564DF7}.Release|x64.Build.0 = Release|Any CPU
		{12A4CA3C-E8CA-45DA-80A9-A669DF564DF7}.Release|x86.ActiveCfg = Release|Any CPU
		{12A4CA3C-E8CA-45DA-80A9-A669DF564DF7}.Release|x86.Build.0 = Release|Any CPU
		{ED5EAF11-DFFB-4B08-AC5D-2F128CD957A3}.Debug|Any CPU.ActiveCfg = Debug|Any CPU
		{ED5EAF11-DFFB-4B08-AC5D-2F128CD957A3}.Debug|Any CPU.Build.0 = Debug|Any CPU
		{ED5EAF11-DFFB-4B08-AC5D-2F128CD957A3}.Debug|x64.ActiveCfg = Debug|Any CPU
		{ED5EAF11-DFFB-4B08-AC5D-2F128CD957A3}.Debug|x64.Build.0 = Debug|Any CPU
		{ED5EAF11-DFFB-4B08-AC5D-2F128CD957A3}.Debug|x86.ActiveCfg = Debug|Any CPU
		{ED5EAF11-DFFB-4B08-AC5D-2F128CD957A3}.Debug|x86.Build.0 = Debug|Any CPU
		{ED5EAF11-DFFB-4B08-AC5D-2F128CD957A3}.Release|Any CPU.ActiveCfg = Release|Any CPU
		{ED5EAF11-DFFB-4B08-AC5D-2F128CD957A3}.Release|Any CPU.Build.0 = Release|Any CPU
		{ED5EAF11-DFFB-4B08-AC5D-2F128CD957A3}.Release|x64.ActiveCfg = Release|Any CPU
		{ED5EAF11-DFFB-4B08-AC5D-2F128CD957A3}.Release|x64.Build.0 = Release|Any CPU
		{ED5EAF11-DFFB-4B08-AC5D-2F128CD957A3}.Release|x86.ActiveCfg = Release|Any CPU
		{ED5EAF11-DFFB-4B08-AC5D-2F128CD957A3}.Release|x86.Build.0 = Release|Any CPU
	EndGlobalSection
EndGlobal
